
Microsoft Visual Studio Solution File, Format Version 12.00
# Visual Studio 15
VisualStudioVersion = 15.0.27703.2035
MinimumVisualStudioVersion = 10.0.40219.1
Project("{8BC9CEB8-8B4A-11D0-8D11-00A0C91BC942}") = "SCISolution", "SCISolution\SCISolution.vcxproj", "{E8A117C2-E747-42A3-B5BE-CB974AFF426E}"
EndProject
Project("{888888A0-9F3D-457C-B088-3A5042F75D52}") = "SCIPython", "SCIPython\SCIPython.pyproj", "{86D75DF6-27A6-45C2-A8B1-B477D2CC1E3A}"
EndProject
Project("{888888A0-9F3D-457C-B088-3A5042F75D52}") = "AcodemiaPython", "AcodemiaPython\AcodemiaPython.pyproj", "{51F87BF7-6765-4B1F-B75F-C226861E374A}"
EndProject
Global
	GlobalSection(SolutionConfigurationPlatforms) = preSolution
		Debug|Any CPU = Debug|Any CPU
		Debug|x64 = Debug|x64
		Debug|x86 = Debug|x86
		Release|Any CPU = Release|Any CPU
		Release|x64 = Release|x64
		Release|x86 = Release|x86
	EndGlobalSection
	GlobalSection(ProjectConfigurationPlatforms) = postSolution
		{E8A117C2-E747-42A3-B5BE-CB974AFF426E}.Debug|Any CPU.ActiveCfg = Debug|Win32
		{E8A117C2-E747-42A3-B5BE-CB974AFF426E}.Debug|x64.ActiveCfg = Debug|x64
		{E8A117C2-E747-42A3-B5BE-CB974AFF426E}.Debug|x64.Build.0 = Debug|x64
		{E8A117C2-E747-42A3-B5BE-CB974AFF426E}.Debug|x86.ActiveCfg = Debug|Win32
		{E8A117C2-E747-42A3-B5BE-CB974AFF426E}.Debug|x86.Build.0 = Debug|Win32
		{E8A117C2-E747-42A3-B5BE-CB974AFF426E}.Release|Any CPU.ActiveCfg = Release|Win32
		{E8A117C2-E747-42A3-B5BE-CB974AFF426E}.Release|x64.ActiveCfg = Release|x64
		{E8A117C2-E747-42A3-B5BE-CB974AFF426E}.Release|x64.Build.0 = Release|x64
		{E8A117C2-E747-42A3-B5BE-CB974AFF426E}.Release|x86.ActiveCfg = Release|Win32
		{E8A117C2-E747-42A3-B5BE-CB974AFF426E}.Release|x86.Build.0 = Release|Win32
		{86D75DF6-27A6-45C2-A8B1-B477D2CC1E3A}.Debug|Any CPU.ActiveCfg = Debug|Any CPU
		{86D75DF6-27A6-45C2-A8B1-B477D2CC1E3A}.Debug|x64.ActiveCfg = Debug|Any CPU
		{86D75DF6-27A6-45C2-A8B1-B477D2CC1E3A}.Debug|x86.ActiveCfg = Debug|Any CPU
		{86D75DF6-27A6-45C2-A8B1-B477D2CC1E3A}.Release|Any CPU.ActiveCfg = Release|Any CPU
		{86D75DF6-27A6-45C2-A8B1-B477D2CC1E3A}.Release|x64.ActiveCfg = Release|Any CPU
		{86D75DF6-27A6-45C2-A8B1-B477D2CC1E3A}.Release|x86.ActiveCfg = Release|Any CPU
		{51F87BF7-6765-4B1F-B75F-C226861E374A}.Debug|Any CPU.ActiveCfg = Debug|Any CPU
		{51F87BF7-6765-4B1F-B75F-C226861E374A}.Debug|x64.ActiveCfg = Debug|Any CPU
		{51F87BF7-6765-4B1F-B75F-C226861E374A}.Debug|x86.ActiveCfg = Debug|Any CPU
		{51F87BF7-6765-4B1F-B75F-C226861E374A}.Release|Any CPU.ActiveCfg = Release|Any CPU
		{51F87BF7-6765-4B1F-B75F-C226861E374A}.Release|x64.ActiveCfg = Release|Any CPU
		{51F87BF7-6765-4B1F-B75F-C226861E374A}.Release|x86.ActiveCfg = Release|Any CPU
	EndGlobalSection
	GlobalSection(SolutionProperties) = preSolution
		HideSolutionNode = FALSE
	EndGlobalSection
	GlobalSection(ExtensibilityGlobals) = postSolution
		SolutionGuid = {EFAC0AB3-EBCB-409B-A1FF-63E6D81F784F}
	EndGlobalSection
EndGlobal
